
Microsoft Visual Studio Solution File, Format Version 12.00
# Visual Studio Version 16
VisualStudioVersion = 16.0.28803.352
MinimumVisualStudioVersion = 10.0.40219.1
Project("{FAE04EC0-301F-11D3-BF4B-00C04F79EFBC}") = "Lista04 - Comando Substring com Vetor", "Lista04 - Comando Substring com Vetor\Lista04 - Comando Substring com Vetor.csproj", "{534243A8-0EC8-48A7-833B-B933C1C3EEFF}"
EndProject
Global
	GlobalSection(SolutionConfigurationPlatforms) = preSolution
		Debug|Any CPU = Debug|Any CPU
		Release|Any CPU = Release|Any CPU
	EndGlobalSection
	GlobalSection(ProjectConfigurationPlatforms) = postSolution
		{534243A8-0EC8-48A7-833B-B933C1C3EEFF}.Debug|Any CPU.ActiveCfg = Debug|Any CPU
		{534243A8-0EC8-48A7-833B-B933C1C3EEFF}.Debug|Any CPU.Build.0 = Debug|Any CPU
		{534243A8-0EC8-48A7-833B-B933C1C3EEFF}.Release|Any CPU.ActiveCfg = Release|Any CPU
		{534243A8-0EC8-48A7-833B-B933C1C3EEFF}.Release|Any CPU.Build.0 = Release|Any CPU
	EndGlobalSection
	GlobalSection(SolutionProperties) = preSolution
		HideSolutionNode = FALSE
	EndGlobalSection
	GlobalSection(ExtensibilityGlobals) = postSolution
		SolutionGuid = {DA8AA542-D21C-415B-BCDA-A9D6FB7BF36E}
	EndGlobalSection
EndGlobal
